
Microsoft Visual Studio Solution File, Format Version 12.00
# Visual Studio 15
VisualStudioVersion = 15.0.26430.16
MinimumVisualStudioVersion = 10.0.40219.1
Project("{FAE04EC0-301F-11D3-BF4B-00C04F79EFBC}") = "LectureExamples", "LectureExamples.csproj", "{ED602BB9-CBB3-498C-96B5-20229B0FC19C}"
EndProject
Project("{FAE04EC0-301F-11D3-BF4B-00C04F79EFBC}") = "28199073", "..\Assignment2\28199073.csproj", "{33596759-F322-44E6-ACC1-EBB117224919}"
EndProject
Project("{FAE04EC0-301F-11D3-BF4B-00C04F79EFBC}") = "Modulo", "Modulo\Modulo.csproj", "{CAF945EC-7313-406C-9D16-21DCAE8749E0}"
EndProject
Project("{E24C65DC-7377-472B-9ABA-BC803B73C61A}") = "WebSite3", "..\..\MenuControl_v2\WebSite3\", "{86018AF1-81B7-4B3D-8065-E1F73559250B}"
	ProjectSection(WebsiteProperties) = preProject
		TargetFrameworkMoniker = ".NETFramework,Version%3Dv3.5"
		Debug.AspNetCompiler.VirtualPath = "/localhost_32771"
		Debug.AspNetCompiler.PhysicalPath = "..\..\MenuControl_v2\WebSite3\"
		Debug.AspNetCompiler.TargetPath = "PrecompiledWeb\localhost_32771\"
		Debug.AspNetCompiler.Updateable = "true"
		Debug.AspNetCompiler.ForceOverwrite = "true"
		Debug.AspNetCompiler.FixedNames = "false"
		Debug.AspNetCompiler.Debug = "True"
		Release.AspNetCompiler.VirtualPath = "/localhost_32771"
		Release.AspNetCompiler.PhysicalPath = "..\..\MenuControl_v2\WebSite3\"
		Release.AspNetCompiler.TargetPath = "PrecompiledWeb\localhost_32771\"
		Release.AspNetCompiler.Updateable = "true"
		Release.AspNetCompiler.ForceOverwrite = "true"
		Release.AspNetCompiler.FixedNames = "false"
		Release.AspNetCompiler.Debug = "False"
		VWDPort = "32771"
		SlnRelativePath = "..\..\MenuControl_v2\WebSite3\"
	EndProjectSection
EndProject
Global
	GlobalSection(SolutionConfigurationPlatforms) = preSolution
		Debug|Any CPU = Debug|Any CPU
		Release|Any CPU = Release|Any CPU
	EndGlobalSection
	GlobalSection(ProjectConfigurationPlatforms) = postSolution
		{ED602BB9-CBB3-498C-96B5-20229B0FC19C}.Debug|Any CPU.ActiveCfg = Debug|Any CPU
		{ED602BB9-CBB3-498C-96B5-20229B0FC19C}.Debug|Any CPU.Build.0 = Debug|Any CPU
		{ED602BB9-CBB3-498C-96B5-20229B0FC19C}.Release|Any CPU.ActiveCfg = Release|Any CPU
		{ED602BB9-CBB3-498C-96B5-20229B0FC19C}.Release|Any CPU.Build.0 = Release|Any CPU
		{33596759-F322-44E6-ACC1-EBB117224919}.Debug|Any CPU.ActiveCfg = Debug|Any CPU
		{33596759-F322-44E6-ACC1-EBB117224919}.Debug|Any CPU.Build.0 = Debug|Any CPU
		{33596759-F322-44E6-ACC1-EBB117224919}.Release|Any CPU.ActiveCfg = Release|Any CPU
		{33596759-F322-44E6-ACC1-EBB117224919}.Release|Any CPU.Build.0 = Release|Any CPU
		{CAF945EC-7313-406C-9D16-21DCAE8749E0}.Debug|Any CPU.ActiveCfg = Debug|Any CPU
		{CAF945EC-7313-406C-9D16-21DCAE8749E0}.Debug|Any CPU.Build.0 = Debug|Any CPU
		{CAF945EC-7313-406C-9D16-21DCAE8749E0}.Release|Any CPU.ActiveCfg = Release|Any CPU
		{CAF945EC-7313-406C-9D16-21DCAE8749E0}.Release|Any CPU.Build.0 = Release|Any CPU
		{86018AF1-81B7-4B3D-8065-E1F73559250B}.Debug|Any CPU.ActiveCfg = Debug|Any CPU
		{86018AF1-81B7-4B3D-8065-E1F73559250B}.Debug|Any CPU.Build.0 = Debug|Any CPU
		{86018AF1-81B7-4B3D-8065-E1F73559250B}.Release|Any CPU.ActiveCfg = Debug|Any CPU
		{86018AF1-81B7-4B3D-8065-E1F73559250B}.Release|Any CPU.Build.0 = Debug|Any CPU
	EndGlobalSection
	GlobalSection(SolutionProperties) = preSolution
		HideSolutionNode = FALSE
	EndGlobalSection
EndGlobal
